
Microsoft Visual Studio Solution File, Format Version 12.00
# Visual Studio Version 17
VisualStudioVersion = 17.0.31903.59
MinimumVisualStudioVersion = 10.0.40219.1
Project("{2150E333-8FDC-42A3-9474-1A3956D46DE8}") = "src", "src", "{827E0CD3-B72D-47B6-A68D-7590B98EB39B}"
EndProject
Project("{FAE04EC0-301F-11D3-BF4B-00C04F79EFBC}") = "Game2048.Core", "src\Game2048.Core\Game2048.Core.csproj", "{2B20CB50-2F5A-4BC2-96ED-90DC2D2594A3}"
EndProject
Project("{FAE04EC0-301F-11D3-BF4B-00C04F79EFBC}") = "Game2048.Legacy", "src\Game2048.Legacy\Game2048.Legacy.csproj", "{0B5B6B67-5010-44FD-8D92-D0DE12F1F5D9}"
EndProject
Project("{FAE04EC0-301F-11D3-BF4B-00C04F79EFBC}") = "Game2048.Cli", "src\Game2048.Cli\Game2048.Cli.csproj", "{02A4A27D-5D67-4295-A06C-8CAE79C30E08}"
EndProject
Project("{2150E333-8FDC-42A3-9474-1A3956D46DE8}") = "tests", "tests", "{0AB3BF05-4346-4AA6-1389-037BE0695223}"
EndProject
Project("{FAE04EC0-301F-11D3-BF4B-00C04F79EFBC}") = "Game2048.Core.Tests", "tests\Game2048.Core.Tests\Game2048.Core.Tests.csproj", "{CD76A817-AD78-4F04-B021-14E69CB1A9AB}"
EndProject
Global
	GlobalSection(SolutionConfigurationPlatforms) = preSolution
		Debug|Any CPU = Debug|Any CPU
		Debug|x64 = Debug|x64
		Debug|x86 = Debug|x86
		Release|Any CPU = Release|Any CPU
		Release|x64 = Release|x64
		Release|x86 = Release|x86
	EndGlobalSection
	GlobalSection(ProjectConfigurationPlatforms) = postSolution
		{2B20CB50-2F5A-4BC2-96ED-90DC2D2594A3}.Debug|Any CPU.ActiveCfg = Debug|Any CPU
		{2B20CB50-2F5A-4BC2-96ED-90DC2D2594A3}.Debug|Any CPU.Build.0 = Debug|Any CPU
		{2B20CB50-2F5A-4BC2-96ED-90DC2D2594A3}.Debug|x64.ActiveCfg = Debug|Any CPU
		{2B20CB50-2F5A-4BC2-96ED-90DC2D2594A3}.Debug|x64.Build.0 = Debug|Any CPU
		{2B20CB50-2F5A-4BC2-96ED-90DC2D2594A3}.Debug|x86.ActiveCfg = Debug|Any CPU
		{2B20CB50-2F5A-4BC2-96ED-90DC2D2594A3}.Debug|x86.Build.0 = Debug|Any CPU
		{2B20CB50-2F5A-4BC2-96ED-90DC2D2594A3}.Release|Any CPU.ActiveCfg = Release|Any CPU
		{2B20CB50-2F5A-4BC2-96ED-90DC2D2594A3}.Release|Any CPU.Build.0 = Release|Any CPU
		{2B20CB50-2F5A-4BC2-96ED-90DC2D2594A3}.Release|x64.ActiveCfg = Release|Any CPU
		{2B20CB50-2F5A-4BC2-96ED-90DC2D2594A3}.Release|x64.Build.0 = Release|Any CPU
		{2B20CB50-2F5A-4BC2-96ED-90DC2D2594A3}.Release|x86.ActiveCfg = Release|Any CPU
		{2B20CB50-2F5A-4BC2-96ED-90DC2D2594A3}.Release|x86.Build.0 = Release|Any CPU
		{0B5B6B67-5010-44FD-8D92-D0DE12F1F5D9}.Debug|Any CPU.ActiveCfg = Debug|Any CPU
		{0B5B6B67-5010-44FD-8D92-D0DE12F1F5D9}.Debug|Any CPU.Build.0 = Debug|Any CPU
		{0B5B6B67-5010-44FD-8D92-D0DE12F1F5D9}.Debug|x64.ActiveCfg = Debug|Any CPU
		{0B5B6B67-5010-44FD-8D92-D0DE12F1F5D9}.Debug|x64.Build.0 = Debug|Any CPU
		{0B5B6B67-5010-44FD-8D92-D0DE12F1F5D9}.Debug|x86.ActiveCfg = Debug|Any CPU
		{0B5B6B67-5010-44FD-8D92-D0DE12F1F5D9}.Debug|x86.Build.0 = Debug|Any CPU
		{0B5B6B67-5010-44FD-8D92-D0DE12F1F5D9}.Release|Any CPU.ActiveCfg = Release|Any CPU
		{0B5B6B67-5010-44FD-8D92-D0DE12F1F5D9}.Release|Any CPU.Build.0 = Release|Any CPU
		{0B5B6B67-5010-44FD-8D92-D0DE12F1F5D9}.Release|x64.ActiveCfg = Release|Any CPU
		{0B5B6B67-5010-44FD-8D92-D0DE12F1F5D9}.Release|x64.Build.0 = Release|Any CPU
		{0B5B6B67-5010-44FD-8D92-D0DE12F1F5D9}.Release|x86.ActiveCfg = Release|Any CPU
		{0B5B6B67-5010-44FD-8D92-D0DE12F1F5D9}.Release|x86.Build.0 = Release|Any CPU
		{02A4A27D-5D67-4295-A06C-8CAE79C30E08}.Debug|Any CPU.ActiveCfg = Debug|Any CPU
		{02A4A27D-5D67-4295-A06C-8CAE79C30E08}.Debug|Any CPU.Build.0 = Debug|Any CPU
		{02A4A27D-5D67-4295-A06C-8CAE79C30E08}.Debug|x64.ActiveCfg = Debug|Any CPU
		{02A4A27D-5D67-4295-A06C-8CAE79C30E08}.Debug|x64.Build.0 = Debug|Any CPU
		{02A4A27D-5D67-4295-A06C-8CAE79C30E08}.Debug|x86.ActiveCfg = Debug|Any CPU
		{02A4A27D-5D67-4295-A06C-8CAE79C30E08}.Debug|x86.Build.0 = Debug|Any CPU
		{02A4A27D-5D67-4295-A06C-8CAE79C30E08}.Release|Any CPU.ActiveCfg = Release|Any CPU
		{02A4A27D-5D67-4295-A06C-8CAE79C30E08}.Release|Any CPU.Build.0 = Release|Any CPU
		{02A4A27D-5D67-4295-A06C-8CAE79C30E08}.Release|x64.ActiveCfg = Release|Any CPU
		{02A4A27D-5D67-4295-A06C-8CAE79C30E08}.Release|x64.Build.0 = Release|Any CPU
		{02A4A27D-5D67-4295-A06C-8CAE79C30E08}.Release|x86.ActiveCfg = Release|Any CPU
		{02A4A27D-5D67-4295-A06C-8CAE79C30E08}.Release|x86.Build.0 = Release|Any CPU
		{CD76A817-AD78-4F04-B021-14E69CB1A9AB}.Debug|Any CPU.ActiveCfg = Debug|Any CPU
		{CD76A817-AD78-4F04-B021-14E69CB1A9AB}.Debug|Any CPU.Build.0 = Debug|Any CPU
		{CD76A817-AD78-4F04-B021-14E69CB1A9AB}.Debug|x64.ActiveCfg = Debug|Any CPU
		{CD76A817-AD78-4F04-B021-14E69CB1A9AB}.Debug|x64.Build.0 = Debug|Any CPU
		{CD76A817-AD78-4F04-B021-14E69CB1A9AB}.Debug|x86.ActiveCfg = Debug|Any CPU
		{CD76A817-AD78-4F04-B021-14E69CB1A9AB}.Debug|x86.Build.0 = Debug|Any CPU
		{CD76A817-AD78-4F04-B021-14E69CB1A9AB}.Release|Any CPU.ActiveCfg = Release|Any CPU
		{CD76A817-AD78-4F04-B021-14E69CB1A9AB}.Release|Any CPU.Build.0 = Release|Any CPU
		{CD76A817-AD78-4F04-B021-14E69CB1A9AB}.Release|x64.ActiveCfg = Release|Any CPU
		{CD76A817-AD78-4F04-B021-14E69CB1A9AB}.Release|x64.Build.0 = Release|Any CPU
		{CD76A817-AD78-4F04-B021-14E69CB1A9AB}.Release|x86.ActiveCfg = Release|Any CPU
		{CD76A817-AD78-4F04-B021-14E69CB1A9AB}.Release|x86.Build.0 = Release|Any CPU
	EndGlobalSection
	GlobalSection(SolutionProperties) = preSolution
		HideSolutionNode = FALSE
	EndGlobalSection
	GlobalSection(NestedProjects) = preSolution
		{2B20CB50-2F5A-4BC2-96ED-90DC2D2594A3} = {827E0CD3-B72D-47B6-A68D-7590B98EB39B}
		{0B5B6B67-5010-44FD-8D92-D0DE12F1F5D9} = {827E0CD3-B72D-47B6-A68D-7590B98EB39B}
		{02A4A27D-5D67-4295-A06C-8CAE79C30E08} = {827E0CD3-B72D-47B6-A68D-7590B98EB39B}
		{CD76A817-AD78-4F04-B021-14E69CB1A9AB} = {0AB3BF05-4346-4AA6-1389-037BE0695223}
	EndGlobalSection
EndGlobal
